
Microsoft Visual Studio Solution File, Format Version 12.00
Project("{FAE04EC0-301F-11D3-BF4B-00C04F79EFBC}") = "Calculator", "Calculator\Calculator.csproj", "{2FE6F35D-0D36-4A37-8842-A6CB3F9D6ABE}"
EndProject
Project("{FAE04EC0-301F-11D3-BF4B-00C04F79EFBC}") = "Calculator.Tests", "Calculator.Tests\Calculator.Tests.csproj", "{5A0498F2-DF08-4B04-A096-D7184B647012}"
EndProject
Global
	GlobalSection(SolutionConfigurationPlatforms) = preSolution
		Debug|Any CPU = Debug|Any CPU
		Release|Any CPU = Release|Any CPU
	EndGlobalSection
	GlobalSection(ProjectConfigurationPlatforms) = postSolution
		{2FE6F35D-0D36-4A37-8842-A6CB3F9D6ABE}.Debug|Any CPU.ActiveCfg = Debug|Any CPU
		{2FE6F35D-0D36-4A37-8842-A6CB3F9D6ABE}.Debug|Any CPU.Build.0 = Debug|Any CPU
		{2FE6F35D-0D36-4A37-8842-A6CB3F9D6ABE}.Release|Any CPU.ActiveCfg = Release|Any CPU
		{2FE6F35D-0D36-4A37-8842-A6CB3F9D6ABE}.Release|Any CPU.Build.0 = Release|Any CPU
		{5A0498F2-DF08-4B04-A096-D7184B647012}.Debug|Any CPU.ActiveCfg = Debug|Any CPU
		{5A0498F2-DF08-4B04-A096-D7184B647012}.Debug|Any CPU.Build.0 = Debug|Any CPU
		{5A0498F2-DF08-4B04-A096-D7184B647012}.Release|Any CPU.ActiveCfg = Release|Any CPU
		{5A0498F2-DF08-4B04-A096-D7184B647012}.Release|Any CPU.Build.0 = Release|Any CPU
	EndGlobalSection
EndGlobal
